
Microsoft Visual Studio Solution File, Format Version 12.00
# Visual Studio Version 17
VisualStudioVersion = 17.12.35506.116 d17.12
MinimumVisualStudioVersion = 10.0.40219.1
Project("{FAE04EC0-301F-11D3-BF4B-00C04F79EFBC}") = "Part 5 - Console Decisions", "Part 5 - Console Decisions.csproj", "{D8A7AF6C-8791-45F7-88CE-FD7B5C15CB14}"
EndProject
Global
	GlobalSection(SolutionConfigurationPlatforms) = preSolution
		Debug|Any CPU = Debug|Any CPU
		Release|Any CPU = Release|Any CPU
	EndGlobalSection
	GlobalSection(ProjectConfigurationPlatforms) = postSolution
		{D8A7AF6C-8791-45F7-88CE-FD7B5C15CB14}.Debug|Any CPU.ActiveCfg = Debug|Any CPU
		{D8A7AF6C-8791-45F7-88CE-FD7B5C15CB14}.Debug|Any CPU.Build.0 = Debug|Any CPU
		{D8A7AF6C-8791-45F7-88CE-FD7B5C15CB14}.Release|Any CPU.ActiveCfg = Release|Any CPU
		{D8A7AF6C-8791-45F7-88CE-FD7B5C15CB14}.Release|Any CPU.Build.0 = Release|Any CPU
	EndGlobalSection
	GlobalSection(SolutionProperties) = preSolution
		HideSolutionNode = FALSE
	EndGlobalSection
EndGlobal
